<?xml version="1.0" encoding="utf-8"?>
<Project ToolsVersion="4.0" xmlns="http://schemas.microsoft.com/developer/msbuild/2003">
  <ItemGroup>
    <Filter Include="Source Files">
      <UniqueIdentifier>{4FC737F1-C7A5-4376-A066-2A32D752A2FF}</UniqueIdentifier>
      <Extensions>cpp;c;cc;cxx;def;odl;idl;hpj;bat;asm;asmx</Extensions>
    </Filter>
    <Filter Include="Header Files">
      <UniqueIdentifier>{93995380-89BD-4b04-88EB-625FBE52EBFB}</UniqueIdentifier>
      <Extensions>h;hh;hpp;hxx;hm;inl;inc;xsd</Extensions>
    </Filter>
    <Filter Include="Resource Files">
      <UniqueIdentifier>{67DA6AB6-F800-4c08-8B7A-83BB121AAD01}</UniqueIdentifier>
      <Extensions>rc;ico;cur;bmp;dlg;rc2;rct;bin;rgs;gif;jpg;jpeg;jpe;resx;tiff;tif;png;wav;mfcribbon-ms</Extensions>
    </Filter>
    <Filter Include="Form Files">
      <UniqueIdentifier>{99349809-55BA-4b9d-BF79-8FDBB0286EB3}</UniqueIdentifier>
      <Extensions>ui</Extensions>
    </Filter>
    <Filter Include="Resource Files">
      <UniqueIdentifier>{D9D6E242-F8AF-46E4-B9FD-80ECBC20BA3E}</UniqueIdentifier>
      <Extensions>qrc;*</Extensions>
      <ParseFiles>false</ParseFiles>
    </Filter>
  </ItemGroup>
  <ItemGroup>
    <ClCompile Include="main.cpp">
      <Filter>Source Files</Filter>
    </ClCompile>
    <ClCompile Include="gui\MainWindow.cpp">
      <Filter>Source Files</Filter>
    </ClCompile>
    <ClCompile Include="editor\Renderer3D.cpp">
      <Filter>Source Files</Filter>
    </ClCompile>
    <ClCompile Include="editor\Camera.cpp">
      <Filter>Source Files</Filter>
    </ClCompile>
    <ClCompile Include="gui\Debug.cpp">
      <Filter>Source Files</Filter>
    </ClCompile>
    <ClCompile Include="editor\Scene.cpp">
      <Filter>Source Files</Filter>
    </ClCompile>
    <ClCompile Include="editor\Brush.cpp">
      <Filter>Source Files</Filter>
    </ClCompile>
    <ClCompile Include="editor\ResourceManager.cpp">
      <Filter>Source Files</Filter>
    </ClCompile>
    <ClCompile Include="editor\GL.cpp">
      <Filter>Source Files</Filter>
    </ClCompile>
    <ClCompile Include="common\types.h">
      <Filter>Source Files</Filter>
    </ClCompile>
    <ClCompile Include="editor\Renderer2D.cpp">
      <Filter>Source Files</Filter>
    </ClCompile>
    <ClCompile Include="editor\Grid2D.cpp">
      <Filter>Source Files</Filter>
    </ClCompile>
    <ClCompile Include="editor\grid2d\Point.cpp">
      <Filter>Source Files</Filter>
    </ClCompile>
    <ClCompile Include="common\helpers.cpp">
      <Filter>Source Files</Filter>
    </ClCompile>
    <ClCompile Include="common\GlobalData.cpp">
      <Filter>Source Files</Filter>
    </ClCompile>
    <ClCompile Include="editor\ConstructionBlock.cpp">
      <Filter>Source Files</Filter>
    </ClCompile>
    <ClCompile Include="editor\Renderable.cpp">
      <Filter>Source Files</Filter>
    </ClCompile>
    <ClCompile Include="editor\VertexBufferObject.cpp">
      <Filter>Source Files</Filter>
    </ClCompile>
    <ClCompile Include="gui\GLWidget2D\GLWidget2D.cpp">
      <Filter>Source Files</Filter>
    </ClCompile>
    <ClCompile Include="gui\GLWidgetsContainer.cpp">
      <Filter>Source Files</Filter>
    </ClCompile>
    <ClCompile Include="gui\GLWidget3D\GLWidget3D.cpp">
      <Filter>Source Files</Filter>
    </ClCompile>
    <ClCompile Include="gui\GLWidget2D\GLWidget2D_SelectionTool.cpp">
      <Filter>Source Files</Filter>
    </ClCompile>
    <ClCompile Include="gui\GLWidget3D\GLWidget3D_SelectionTool.cpp">
      <Filter>Source Files</Filter>
    </ClCompile>
    <ClCompile Include="gui\GLWidget2D\GLWidget2D_BlockTool.cpp">
      <Filter>Source Files</Filter>
    </ClCompile>
    <ClCompile Include="editor\ChangeableRenderable.cpp">
      <Filter>Source Files</Filter>
    </ClCompile>
    <ClCompile Include="gui\GLWidget2D\GLWidget2D_ClippingTool.cpp">
      <Filter>Source Files</Filter>
    </ClCompile>
    <ClCompile Include="editor\grid2d\Line.cpp">
      <Filter>Source Files</Filter>
    </ClCompile>
    <ClCompile Include="common\actions.cpp">
      <Filter>Source Files</Filter>
    </ClCompile>
    <ClCompile Include="common\ActionHistoryTool.cpp">
      <Filter>Source Files</Filter>
    </ClCompile>
    <ClCompile Include="gui\TextureToolDialog.cpp">
      <Filter>Source Files</Filter>
    </ClCompile>
    <ClCompile Include="gui\GLWidget3D\GLWidget3D_TextureTool.cpp">
      <Filter>Source Files</Filter>
    </ClCompile>
    <ClCompile Include="gui\TexturePickModal.cpp">
      <Filter>Source Files</Filter>
    </ClCompile>
    <ClCompile Include="gui\TextureCard.cpp">
      <Filter>Source Files</Filter>
    </ClCompile>
    <ClCompile Include="gui\FlowLayout.cpp">
      <Filter>Source Files</Filter>
    </ClCompile>
  </ItemGroup>
  <ItemGroup>
    <QtMoc Include="gui\MainWindow.h">
      <Filter>Header Files</Filter>
    </QtMoc>
    <QtMoc Include="gui\GLWidgetsContainer.h">
      <Filter>Header Files</Filter>
    </QtMoc>
    <QtMoc Include="gui\GLWidget3D\GLWidget3D.h">
      <Filter>Header Files</Filter>
    </QtMoc>
    <QtMoc Include="gui\TextureToolDialog.h">
      <Filter>Header Files</Filter>
    </QtMoc>
    <QtMoc Include="gui\TexturePickModal.h">
      <Filter>Header Files</Filter>
    </QtMoc>
    <QtMoc Include="gui\TextureCard.h">
      <Filter>Header Files</Filter>
    </QtMoc>
  </ItemGroup>
  <ItemGroup>
    <ClInclude Include="editor\Renderer3D.h">
      <Filter>Header Files</Filter>
    </ClInclude>
    <ClInclude Include="editor\Camera.h">
      <Filter>Header Files</Filter>
    </ClInclude>
    <ClInclude Include="gui\Debug.h">
      <Filter>Header Files</Filter>
    </ClInclude>
    <ClInclude Include="editor\Scene.h">
      <Filter>Header Files</Filter>
    </ClInclude>
    <ClInclude Include="editor\Brush.h">
      <Filter>Header Files</Filter>
    </ClInclude>
    <ClInclude Include="editor\ResourceManager.h">
      <Filter>Header Files</Filter>
    </ClInclude>
    <ClInclude Include="editor\GL.h">
      <Filter>Header Files</Filter>
    </ClInclude>
    <ClInclude Include="editor\Renderer2D.h">
      <Filter>Header Files</Filter>
    </ClInclude>
    <ClInclude Include="editor\Grid2D.h">
      <Filter>Header Files</Filter>
    </ClInclude>
    <ClInclude Include="editor\Renderable.h">
      <Filter>Header Files</Filter>
    </ClInclude>
    <ClInclude Include="common\helpers.h">
      <Filter>Header Files</Filter>
    </ClInclude>
    <ClInclude Include="editor\grid2d\Point.h">
      <Filter>Header Files</Filter>
    </ClInclude>
    <ClInclude Include="common\GlobalData.h">
      <Filter>Header Files</Filter>
    </ClInclude>
    <ClInclude Include="editor\ConstructionBlock.h">
      <Filter>Header Files</Filter>
    </ClInclude>
    <ClInclude Include="editor\VertexBufferObject.h">
      <Filter>Header Files</Filter>
    </ClInclude>
    <ClInclude Include="gui\GLWidget2D\GLWidget2D.h">
      <Filter>Header Files</Filter>
    </ClInclude>
    <ClInclude Include="editor\ChangeableRenderable.h">
      <Filter>Header Files</Filter>
    </ClInclude>
    <ClInclude Include="editor\grid2d\Line.h">
      <Filter>Header Files</Filter>
    </ClInclude>
    <ClInclude Include="common\cgal_bindings.h">
      <Filter>Header Files</Filter>
    </ClInclude>
    <ClInclude Include="common\actions.h">
      <Filter>Header Files</Filter>
    </ClInclude>
    <ClInclude Include="common\ActionHistoryTool.h">
      <Filter>Header Files</Filter>
    </ClInclude>
    <ClInclude Include="common\constants.h">
      <Filter>Header Files</Filter>
    </ClInclude>
    <ClInclude Include="gui\FlowLayout.h">
      <Filter>Header Files</Filter>
    </ClInclude>
    <ClInclude Include="editor\Texture.h">
      <Filter>Header Files</Filter>
    </ClInclude>
  </ItemGroup>
</Project>